
Microsoft Visual Studio Solution File, Format Version 12.00
# Visual Studio Version 17
VisualStudioVersion = 17.3.32811.315
MinimumVisualStudioVersion = 10.0.40219.1
Project("{FAE04EC0-301F-11D3-BF4B-00C04F79EFBC}") = "CodingEvents", "CodingEvents\CodingEvents.csproj", "{B63E39D4-0B69-4694-BC8E-1F4CEA53B94D}"
EndProject
Global
	GlobalSection(SolutionConfigurationPlatforms) = preSolution
		Debug|Any CPU = Debug|Any CPU
		Release|Any CPU = Release|Any CPU
	EndGlobalSection
	GlobalSection(ProjectConfigurationPlatforms) = postSolution
		{B63E39D4-0B69-4694-BC8E-1F4CEA53B94D}.Debug|Any CPU.ActiveCfg = Debug|Any CPU
		{B63E39D4-0B69-4694-BC8E-1F4CEA53B94D}.Debug|Any CPU.Build.0 = Debug|Any CPU
		{B63E39D4-0B69-4694-BC8E-1F4CEA53B94D}.Release|Any CPU.ActiveCfg = Release|Any CPU
		{B63E39D4-0B69-4694-BC8E-1F4CEA53B94D}.Release|Any CPU.Build.0 = Release|Any CPU
	EndGlobalSection
	GlobalSection(SolutionProperties) = preSolution
		HideSolutionNode = FALSE
	EndGlobalSection
	GlobalSection(ExtensibilityGlobals) = postSolution
		SolutionGuid = {792B28DD-388D-4228-A7E4-3ECCC4B5CEF6}
	EndGlobalSection
EndGlobal
